version: 2.0
shards:
  backtracer:
    git: https://github.com/sija/backtracer.cr.git
    version: 1.2.4

  baked_file_handler:
    git: https://github.com/ralsina/baked_file_handler.git
    version: 0.1.1

  baked_file_system:
    git: https://github.com/schovi/baked_file_system.git
    version: 0.11.0

  crystar:
    git: https://github.com/naqvis/crystar.git
    version: 0.4.0

  docopt:
    git: https://github.com/ralsina/docopt.cr.git
    version: 0.2.1

  docr:
    git: https://github.com/marghidanu/docr.git
    version: 0.1.2+git.commit.f72c164ab319eb109438c25de31642d1f0908e95

  exception_page:
    git: https://github.com/crystal-loot/exception_page.git
    version: 0.5.0

  kemal:
    git: https://github.com/kemalcr/kemal.git
    version: 1.7.2

  progress:
    git: https://github.com/askn/progress.git
    version: 0.2.0

  radix:
    git: https://github.com/luislavena/radix.git
    version: 0.4.1

